
Microsoft Visual Studio Solution File, Format Version 12.00
# Visual Studio Version 17
VisualStudioVersion = 17.2.32526.322
MinimumVisualStudioVersion = 10.0.40219.1
Project("{FAE04EC0-301F-11D3-BF4B-00C04F79EFBC}") = "SuperPepe", "SuperPepe\SuperPepe.csproj", "{49CA15C0-842F-4A8C-823E-5A593ED0D6A1}"
EndProject
Global
	GlobalSection(SolutionConfigurationPlatforms) = preSolution
		Debug|Any CPU = Debug|Any CPU
		Release|Any CPU = Release|Any CPU
	EndGlobalSection
	GlobalSection(ProjectConfigurationPlatforms) = postSolution
		{49CA15C0-842F-4A8C-823E-5A593ED0D6A1}.Debug|Any CPU.ActiveCfg = Debug|Any CPU
		{49CA15C0-842F-4A8C-823E-5A593ED0D6A1}.Debug|Any CPU.Build.0 = Debug|Any CPU
		{49CA15C0-842F-4A8C-823E-5A593ED0D6A1}.Release|Any CPU.ActiveCfg = Release|Any CPU
		{49CA15C0-842F-4A8C-823E-5A593ED0D6A1}.Release|Any CPU.Build.0 = Release|Any CPU
	EndGlobalSection
	GlobalSection(SolutionProperties) = preSolution
		HideSolutionNode = FALSE
	EndGlobalSection
	GlobalSection(ExtensibilityGlobals) = postSolution
		SolutionGuid = {67CE48FE-F5AA-415C-8AF3-0B69FCE137EF}
	EndGlobalSection
EndGlobal
